// !$*UTF8*$!
{
	archiveVersion = 1;
	classes = {
	};
	objectVersion = 48;
	objects = {

/* Begin PBXBuildFile section */
		244BC71A1FBF4B4900C60AC5 /* Node.swift in Sources */ = {isa = PBXBuildFile; fileRef = 244BC7171FBF4B4900C60AC5 /* Node.swift */; };
		244BC71B1FBF4B4900C60AC5 /* CollectionType.swift in Sources */ = {isa = PBXBuildFile; fileRef = 244BC7181FBF4B4900C60AC5 /* CollectionType.swift */; };
		2486DB121FCE0092009ABD81 /* Queue.swift in Sources */ = {isa = PBXBuildFile; fileRef = 2486DB111FCE0092009ABD81 /* Queue.swift */; };
		2486DB1E1FCF564D009ABD81 /* Tests.swift in Sources */ = {isa = PBXBuildFile; fileRef = 2486DB1D1FCF564D009ABD81 /* Tests.swift */; };
		2486DB201FCF564D009ABD81 /* libSwift Conceptual Library.dylib in Frameworks */ = {isa = PBXBuildFile; fileRef = 244BC7101FBF4B0E00C60AC5 /* libSwift Conceptual Library.dylib */; };
		24D3CED4205F3B4A001929B5 /* Stack.swift in Sources */ = {isa = PBXBuildFile; fileRef = 24D3CED3205F3B4A001929B5 /* Stack.swift */; };
		24D3CEDF2060A8E9001929B5 /* libSwift Conceptual Library.dylib in Frameworks */ = {isa = PBXBuildFile; fileRef = 244BC7101FBF4B0E00C60AC5 /* libSwift Conceptual Library.dylib */; };
		24F633F5205C2BAC00F63A77 /* Priority Queue.swift in Sources */ = {isa = PBXBuildFile; fileRef = 24F633F4205C2BAC00F63A77 /* Priority Queue.swift */; };
		24F633F7205F261400F63A77 /* Circular Buffer.swift in Sources */ = {isa = PBXBuildFile; fileRef = 24F633F6205F261400F63A77 /* Circular Buffer.swift */; };
		24F633F9205F263E00F63A77 /* Graph.swift in Sources */ = {isa = PBXBuildFile; fileRef = 24F633F8205F263E00F63A77 /* Graph.swift */; };
		24F633FB205F265500F63A77 /* Tree.swift in Sources */ = {isa = PBXBuildFile; fileRef = 24F633FA205F265500F63A77 /* Tree.swift */; };
		24F633FD205F26DE00F63A77 /* B-Tree.swift in Sources */ = {isa = PBXBuildFile; fileRef = 24F633FC205F26DE00F63A77 /* B-Tree.swift */; };
		24F633FF205F26E700F63A77 /* Splay Tree.swift in Sources */ = {isa = PBXBuildFile; fileRef = 24F633FE205F26E700F63A77 /* Splay Tree.swift */; };
		24F63401205F26FC00F63A77 /* Red-Black Tree.swift in Sources */ = {isa = PBXBuildFile; fileRef = 24F63400205F26FC00F63A77 /* Red-Black Tree.swift */; };
		24F63403205F272F00F63A77 /* AVL Tree.swift in Sources */ = {isa = PBXBuildFile; fileRef = 24F63402205F272F00F63A77 /* AVL Tree.swift */; };
		24F63405205F274300F63A77 /* Trie.swift in Sources */ = {isa = PBXBuildFile; fileRef = 24F63404205F274300F63A77 /* Trie.swift */; };
		24F63407205F274D00F63A77 /* Radix Tree.swift in Sources */ = {isa = PBXBuildFile; fileRef = 24F63406205F274D00F63A77 /* Radix Tree.swift */; };
		24F6340D205F277C00F63A77 /* Cartesian Tree.swift in Sources */ = {isa = PBXBuildFile; fileRef = 24F6340C205F277C00F63A77 /* Cartesian Tree.swift */; };
		24F6340F205F278500F63A77 /* KD Tree.swift in Sources */ = {isa = PBXBuildFile; fileRef = 24F6340E205F278500F63A77 /* KD Tree.swift */; };
		24F63411205F279700F63A77 /* 2-3 Tree.swift in Sources */ = {isa = PBXBuildFile; fileRef = 24F63410205F279700F63A77 /* 2-3 Tree.swift */; };
		24F63413205F279D00F63A77 /* 2-4 Tree.swift in Sources */ = {isa = PBXBuildFile; fileRef = 24F63412205F279D00F63A77 /* 2-4 Tree.swift */; };
		24F63415205F27B000F63A77 /* N-ary Tree.swift in Sources */ = {isa = PBXBuildFile; fileRef = 24F63414205F27B000F63A77 /* N-ary Tree.swift */; };
/* End PBXBuildFile section */

/* Begin PBXContainerItemProxy section */
		2486DB211FCF564D009ABD81 /* PBXContainerItemProxy */ = {
			isa = PBXContainerItemProxy;
			containerPortal = 244BC7081FBF4B0E00C60AC5 /* Project object */;
			proxyType = 1;
			remoteGlobalIDString = 244BC70F1FBF4B0E00C60AC5;
			remoteInfo = "Swift Conceptual Library";
		};
		24D3CEE02060A8E9001929B5 /* PBXContainerItemProxy */ = {
			isa = PBXContainerItemProxy;
			containerPortal = 244BC7081FBF4B0E00C60AC5 /* Project object */;
			proxyType = 1;
			remoteGlobalIDString = 244BC70F1FBF4B0E00C60AC5;
			remoteInfo = "Swift Conceptual Library";
		};
/* End PBXContainerItemProxy section */

/* Begin PBXFileReference section */
		244BC7101FBF4B0E00C60AC5 /* libSwift Conceptual Library.dylib */ = {isa = PBXFileReference; explicitFileType = "compiled.mach-o.dylib"; includeInIndex = 0; path = "libSwift Conceptual Library.dylib"; sourceTree = BUILT_PRODUCTS_DIR; };
		244BC7171FBF4B4900C60AC5 /* Node.swift */ = {isa = PBXFileReference; fileEncoding = 4; lastKnownFileType = sourcecode.swift; path = Node.swift; sourceTree = "<group>"; };
		244BC7181FBF4B4900C60AC5 /* CollectionType.swift */ = {isa = PBXFileReference; fileEncoding = 4; lastKnownFileType = sourcecode.swift; path = CollectionType.swift; sourceTree = "<group>"; };
		2486DB111FCE0092009ABD81 /* Queue.swift */ = {isa = PBXFileReference; lastKnownFileType = sourcecode.swift; path = Queue.swift; sourceTree = "<group>"; };
		2486DB1B1FCF564C009ABD81 /* Tests.xctest */ = {isa = PBXFileReference; explicitFileType = wrapper.cfbundle; includeInIndex = 0; path = Tests.xctest; sourceTree = BUILT_PRODUCTS_DIR; };
		2486DB1D1FCF564D009ABD81 /* Tests.swift */ = {isa = PBXFileReference; lastKnownFileType = sourcecode.swift; path = Tests.swift; sourceTree = "<group>"; };
		2486DB1F1FCF564D009ABD81 /* Info.plist */ = {isa = PBXFileReference; lastKnownFileType = text.plist.xml; path = Info.plist; sourceTree = "<group>"; };
		24D3CED3205F3B4A001929B5 /* Stack.swift */ = {isa = PBXFileReference; lastKnownFileType = sourcecode.swift; path = Stack.swift; sourceTree = "<group>"; };
		24D3CEDA2060A8E9001929B5 /* Unit Tests.xctest */ = {isa = PBXFileReference; explicitFileType = wrapper.cfbundle; includeInIndex = 0; path = "Unit Tests.xctest"; sourceTree = BUILT_PRODUCTS_DIR; };
		24F633F4205C2BAC00F63A77 /* Priority Queue.swift */ = {isa = PBXFileReference; lastKnownFileType = sourcecode.swift; path = "Priority Queue.swift"; sourceTree = "<group>"; };
		24F633F6205F261400F63A77 /* Circular Buffer.swift */ = {isa = PBXFileReference; lastKnownFileType = sourcecode.swift; path = "Circular Buffer.swift"; sourceTree = "<group>"; };
		24F633F8205F263E00F63A77 /* Graph.swift */ = {isa = PBXFileReference; lastKnownFileType = sourcecode.swift; path = Graph.swift; sourceTree = "<group>"; };
		24F633FA205F265500F63A77 /* Tree.swift */ = {isa = PBXFileReference; lastKnownFileType = sourcecode.swift; path = Tree.swift; sourceTree = "<group>"; };
		24F633FC205F26DE00F63A77 /* B-Tree.swift */ = {isa = PBXFileReference; lastKnownFileType = sourcecode.swift; path = "B-Tree.swift"; sourceTree = "<group>"; };
		24F633FE205F26E700F63A77 /* Splay Tree.swift */ = {isa = PBXFileReference; lastKnownFileType = sourcecode.swift; path = "Splay Tree.swift"; sourceTree = "<group>"; };
		24F63400205F26FC00F63A77 /* Red-Black Tree.swift */ = {isa = PBXFileReference; lastKnownFileType = sourcecode.swift; path = "Red-Black Tree.swift"; sourceTree = "<group>"; };
		24F63402205F272F00F63A77 /* AVL Tree.swift */ = {isa = PBXFileReference; lastKnownFileType = sourcecode.swift; path = "AVL Tree.swift"; sourceTree = "<group>"; };
		24F63404205F274300F63A77 /* Trie.swift */ = {isa = PBXFileReference; lastKnownFileType = sourcecode.swift; path = Trie.swift; sourceTree = "<group>"; };
		24F63406205F274D00F63A77 /* Radix Tree.swift */ = {isa = PBXFileReference; lastKnownFileType = sourcecode.swift; path = "Radix Tree.swift"; sourceTree = "<group>"; };
		24F6340C205F277C00F63A77 /* Cartesian Tree.swift */ = {isa = PBXFileReference; lastKnownFileType = sourcecode.swift; path = "Cartesian Tree.swift"; sourceTree = "<group>"; };
		24F6340E205F278500F63A77 /* KD Tree.swift */ = {isa = PBXFileReference; lastKnownFileType = sourcecode.swift; path = "KD Tree.swift"; sourceTree = "<group>"; };
		24F63410205F279700F63A77 /* 2-3 Tree.swift */ = {isa = PBXFileReference; lastKnownFileType = sourcecode.swift; path = "2-3 Tree.swift"; sourceTree = "<group>"; };
		24F63412205F279D00F63A77 /* 2-4 Tree.swift */ = {isa = PBXFileReference; lastKnownFileType = sourcecode.swift; path = "2-4 Tree.swift"; sourceTree = "<group>"; };
		24F63414205F27B000F63A77 /* N-ary Tree.swift */ = {isa = PBXFileReference; lastKnownFileType = sourcecode.swift; path = "N-ary Tree.swift"; sourceTree = "<group>"; };
/* End PBXFileReference section */

/* Begin PBXFrameworksBuildPhase section */
		244BC70D1FBF4B0E00C60AC5 /* Frameworks */ = {
			isa = PBXFrameworksBuildPhase;
			buildActionMask = 2147483647;
			files = (
			);
			runOnlyForDeploymentPostprocessing = 0;
		};
		2486DB181FCF564C009ABD81 /* Frameworks */ = {
			isa = PBXFrameworksBuildPhase;
			buildActionMask = 2147483647;
			files = (
				2486DB201FCF564D009ABD81 /* libSwift Conceptual Library.dylib in Frameworks */,
			);
			runOnlyForDeploymentPostprocessing = 0;
		};
		24D3CED72060A8E9001929B5 /* Frameworks */ = {
			isa = PBXFrameworksBuildPhase;
			buildActionMask = 2147483647;
			files = (
				24D3CEDF2060A8E9001929B5 /* libSwift Conceptual Library.dylib in Frameworks */,
			);
			runOnlyForDeploymentPostprocessing = 0;
		};
/* End PBXFrameworksBuildPhase section */

/* Begin PBXGroup section */
		240A40EC1FD8E317004CF2D2 /* Data Structures */ = {
			isa = PBXGroup;
			children = (
				2486DB111FCE0092009ABD81 /* Queue.swift */,
				24F6340C205F277C00F63A77 /* Cartesian Tree.swift */,
				24F6340E205F278500F63A77 /* KD Tree.swift */,
				24F63410205F279700F63A77 /* 2-3 Tree.swift */,
				24D3CED3205F3B4A001929B5 /* Stack.swift */,
				24F63412205F279D00F63A77 /* 2-4 Tree.swift */,
				24F63414205F27B000F63A77 /* N-ary Tree.swift */,
				24F633F4205C2BAC00F63A77 /* Priority Queue.swift */,
				24F633F6205F261400F63A77 /* Circular Buffer.swift */,
				24F633F8205F263E00F63A77 /* Graph.swift */,
				24F633FA205F265500F63A77 /* Tree.swift */,
				24F633FC205F26DE00F63A77 /* B-Tree.swift */,
				24F633FE205F26E700F63A77 /* Splay Tree.swift */,
				24F63400205F26FC00F63A77 /* Red-Black Tree.swift */,
				24F63402205F272F00F63A77 /* AVL Tree.swift */,
				24F63404205F274300F63A77 /* Trie.swift */,
				24F63406205F274D00F63A77 /* Radix Tree.swift */,
			);
			path = "Data Structures";
			sourceTree = "<group>";
		};
		240A40EE1FD8E476004CF2D2 /* Algorithms */ = {
			isa = PBXGroup;
			children = (
				240A40F01FD8E492004CF2D2 /* Sort */,
				240A40EF1FD8E489004CF2D2 /* Search */,
			);
			path = Algorithms;
			sourceTree = "<group>";
		};
		240A40EF1FD8E489004CF2D2 /* Search */ = {
			isa = PBXGroup;
			children = (
			);
			path = Search;
			sourceTree = "<group>";
		};
		240A40F01FD8E492004CF2D2 /* Sort */ = {
			isa = PBXGroup;
			children = (
			);
			path = Sort;
			sourceTree = "<group>";
		};
		244BC7071FBF4B0E00C60AC5 = {
			isa = PBXGroup;
			children = (
				244BC7111FBF4B0E00C60AC5 /* Products */,
				2486DB1C1FCF564D009ABD81 /* Tests */,
				2486DB801FD08BEC009ABD81 /* Swift Conceptual Library */,
			);
			sourceTree = "<group>";
		};
		244BC7111FBF4B0E00C60AC5 /* Products */ = {
			isa = PBXGroup;
			children = (
				244BC7101FBF4B0E00C60AC5 /* libSwift Conceptual Library.dylib */,
				2486DB1B1FCF564C009ABD81 /* Tests.xctest */,
				24D3CEDA2060A8E9001929B5 /* Unit Tests.xctest */,
			);
			name = Products;
			sourceTree = "<group>";
		};
		2486DB1C1FCF564D009ABD81 /* Tests */ = {
			isa = PBXGroup;
			children = (
				2486DB1D1FCF564D009ABD81 /* Tests.swift */,
				2486DB1F1FCF564D009ABD81 /* Info.plist */,
			);
			path = Tests;
			sourceTree = "<group>";
		};
		2486DB801FD08BEC009ABD81 /* Swift Conceptual Library */ = {
			isa = PBXGroup;
			children = (
				240A40EE1FD8E476004CF2D2 /* Algorithms */,
				240A40EC1FD8E317004CF2D2 /* Data Structures */,
				244BC7181FBF4B4900C60AC5 /* CollectionType.swift */,
				244BC7171FBF4B4900C60AC5 /* Node.swift */,
			);
			path = "Swift Conceptual Library";
			sourceTree = "<group>";
		};
/* End PBXGroup section */

/* Begin PBXHeadersBuildPhase section */
		244BC70E1FBF4B0E00C60AC5 /* Headers */ = {
			isa = PBXHeadersBuildPhase;
			buildActionMask = 2147483647;
			files = (
			);
			runOnlyForDeploymentPostprocessing = 0;
		};
/* End PBXHeadersBuildPhase section */

/* Begin PBXNativeTarget section */
		244BC70F1FBF4B0E00C60AC5 /* Swift Conceptual Library */ = {
			isa = PBXNativeTarget;
			buildConfigurationList = 244BC7141FBF4B0E00C60AC5 /* Build configuration list for PBXNativeTarget "Swift Conceptual Library" */;
			buildPhases = (
				244BC70C1FBF4B0E00C60AC5 /* Sources */,
				244BC70D1FBF4B0E00C60AC5 /* Frameworks */,
				244BC70E1FBF4B0E00C60AC5 /* Headers */,
			);
			buildRules = (
			);
			dependencies = (
			);
			name = "Swift Conceptual Library";
			productName = "Swift Conceptual Library";
			productReference = 244BC7101FBF4B0E00C60AC5 /* libSwift Conceptual Library.dylib */;
			productType = "com.apple.product-type.library.dynamic";
		};
		2486DB1A1FCF564C009ABD81 /* Tests */ = {
			isa = PBXNativeTarget;
			buildConfigurationList = 2486DB231FCF564D009ABD81 /* Build configuration list for PBXNativeTarget "Tests" */;
			buildPhases = (
				2486DB171FCF564C009ABD81 /* Sources */,
				2486DB181FCF564C009ABD81 /* Frameworks */,
				2486DB191FCF564C009ABD81 /* Resources */,
			);
			buildRules = (
			);
			dependencies = (
				2486DB221FCF564D009ABD81 /* PBXTargetDependency */,
			);
			name = Tests;
			productName = Tests;
			productReference = 2486DB1B1FCF564C009ABD81 /* Tests.xctest */;
			productType = "com.apple.product-type.bundle.unit-test";
		};
		24D3CED92060A8E9001929B5 /* Unit Tests */ = {
			isa = PBXNativeTarget;
			buildConfigurationList = 24D3CEE22060A8E9001929B5 /* Build configuration list for PBXNativeTarget "Unit Tests" */;
			buildPhases = (
				24D3CED62060A8E9001929B5 /* Sources */,
				24D3CED72060A8E9001929B5 /* Frameworks */,
				24D3CED82060A8E9001929B5 /* Resources */,
			);
			buildRules = (
			);
			dependencies = (
				24D3CEE12060A8E9001929B5 /* PBXTargetDependency */,
			);
			name = "Unit Tests";
			productName = "Unit Tests";
			productReference = 24D3CEDA2060A8E9001929B5 /* Unit Tests.xctest */;
			productType = "com.apple.product-type.bundle.unit-test";
		};
/* End PBXNativeTarget section */

/* Begin PBXProject section */
		244BC7081FBF4B0E00C60AC5 /* Project object */ = {
			isa = PBXProject;
			attributes = {
				LastSwiftUpdateCheck = 0920;
				LastUpgradeCheck = 0910;
				ORGANIZATIONNAME = "Michael Fulton Jr.";
				TargetAttributes = {
					244BC70F1FBF4B0E00C60AC5 = {
						CreatedOnToolsVersion = 9.1;
						ProvisioningStyle = Automatic;
					};
					2486DB1A1FCF564C009ABD81 = {
						CreatedOnToolsVersion = 9.1;
						ProvisioningStyle = Automatic;
					};
					24D3CED92060A8E9001929B5 = {
						CreatedOnToolsVersion = 9.2;
						ProvisioningStyle = Automatic;
					};
				};
			};
			buildConfigurationList = 244BC70B1FBF4B0E00C60AC5 /* Build configuration list for PBXProject "Swift Conceptual Library" */;
			compatibilityVersion = "Xcode 8.0";
			developmentRegion = en;
			hasScannedForEncodings = 0;
			knownRegions = (
				en,
			);
			mainGroup = 244BC7071FBF4B0E00C60AC5;
			productRefGroup = 244BC7111FBF4B0E00C60AC5 /* Products */;
			projectDirPath = "";
			projectRoot = "";
			targets = (
				244BC70F1FBF4B0E00C60AC5 /* Swift Conceptual Library */,
				2486DB1A1FCF564C009ABD81 /* Tests */,
				24D3CED92060A8E9001929B5 /* Unit Tests */,
			);
		};
/* End PBXProject section */

/* Begin PBXResourcesBuildPhase section */
		2486DB191FCF564C009ABD81 /* Resources */ = {
			isa = PBXResourcesBuildPhase;
			buildActionMask = 2147483647;
			files = (
			);
			runOnlyForDeploymentPostprocessing = 0;
		};
		24D3CED82060A8E9001929B5 /* Resources */ = {
			isa = PBXResourcesBuildPhase;
			buildActionMask = 2147483647;
			files = (
			);
			runOnlyForDeploymentPostprocessing = 0;
		};
/* End PBXResourcesBuildPhase section */

/* Begin PBXSourcesBuildPhase section */
		244BC70C1FBF4B0E00C60AC5 /* Sources */ = {
			isa = PBXSourcesBuildPhase;
			buildActionMask = 2147483647;
			files = (
				24F63415205F27B000F63A77 /* N-ary Tree.swift in Sources */,
				24F63403205F272F00F63A77 /* AVL Tree.swift in Sources */,
				24F63405205F274300F63A77 /* Trie.swift in Sources */,
				24F633FD205F26DE00F63A77 /* B-Tree.swift in Sources */,
				24F633FF205F26E700F63A77 /* Splay Tree.swift in Sources */,
				2486DB121FCE0092009ABD81 /* Queue.swift in Sources */,
				24F633F9205F263E00F63A77 /* Graph.swift in Sources */,
				24F63411205F279700F63A77 /* 2-3 Tree.swift in Sources */,
				24F63413205F279D00F63A77 /* 2-4 Tree.swift in Sources */,
				24F6340F205F278500F63A77 /* KD Tree.swift in Sources */,
				24F633F5205C2BAC00F63A77 /* Priority Queue.swift in Sources */,
				244BC71A1FBF4B4900C60AC5 /* Node.swift in Sources */,
				24F633FB205F265500F63A77 /* Tree.swift in Sources */,
				24F6340D205F277C00F63A77 /* Cartesian Tree.swift in Sources */,
				244BC71B1FBF4B4900C60AC5 /* CollectionType.swift in Sources */,
				24F63407205F274D00F63A77 /* Radix Tree.swift in Sources */,
				24F63401205F26FC00F63A77 /* Red-Black Tree.swift in Sources */,
				24D3CED4205F3B4A001929B5 /* Stack.swift in Sources */,
				24F633F7205F261400F63A77 /* Circular Buffer.swift in Sources */,
			);
			runOnlyForDeploymentPostprocessing = 0;
		};
		2486DB171FCF564C009ABD81 /* Sources */ = {
			isa = PBXSourcesBuildPhase;
			buildActionMask = 2147483647;
			files = (
				2486DB1E1FCF564D009ABD81 /* Tests.swift in Sources */,
			);
			runOnlyForDeploymentPostprocessing = 0;
		};
		24D3CED62060A8E9001929B5 /* Sources */ = {
			isa = PBXSourcesBuildPhase;
			buildActionMask = 2147483647;
			files = (
			);
			runOnlyForDeploymentPostprocessing = 0;
		};
/* End PBXSourcesBuildPhase section */

/* Begin PBXTargetDependency section */
		2486DB221FCF564D009ABD81 /* PBXTargetDependency */ = {
			isa = PBXTargetDependency;
			target = 244BC70F1FBF4B0E00C60AC5 /* Swift Conceptual Library */;
			targetProxy = 2486DB211FCF564D009ABD81 /* PBXContainerItemProxy */;
		};
		24D3CEE12060A8E9001929B5 /* PBXTargetDependency */ = {
			isa = PBXTargetDependency;
			target = 244BC70F1FBF4B0E00C60AC5 /* Swift Conceptual Library */;
			targetProxy = 24D3CEE02060A8E9001929B5 /* PBXContainerItemProxy */;
		};
/* End PBXTargetDependency section */

/* Begin XCBuildConfiguration section */
		244BC7121FBF4B0E00C60AC5 /* Debug */ = {
			isa = XCBuildConfiguration;
			buildSettings = {
				ALWAYS_SEARCH_USER_PATHS = NO;
				CLANG_ANALYZER_NONNULL = YES;
				CLANG_ANALYZER_NUMBER_OBJECT_CONVERSION = YES_AGGRESSIVE;
				CLANG_CXX_LANGUAGE_STANDARD = "gnu++14";
				CLANG_CXX_LIBRARY = "libc++";
				CLANG_ENABLE_MODULES = YES;
				CLANG_ENABLE_OBJC_ARC = YES;
				CLANG_WARN_BLOCK_CAPTURE_AUTORELEASING = YES;
				CLANG_WARN_BOOL_CONVERSION = YES;
				CLANG_WARN_COMMA = YES;
				CLANG_WARN_CONSTANT_CONVERSION = YES;
				CLANG_WARN_DIRECT_OBJC_ISA_USAGE = YES_ERROR;
				CLANG_WARN_DOCUMENTATION_COMMENTS = YES;
				CLANG_WARN_EMPTY_BODY = YES;
				CLANG_WARN_ENUM_CONVERSION = YES;
				CLANG_WARN_INFINITE_RECURSION = YES;
				CLANG_WARN_INT_CONVERSION = YES;
				CLANG_WARN_NON_LITERAL_NULL_CONVERSION = YES;
				CLANG_WARN_OBJC_LITERAL_CONVERSION = YES;
				CLANG_WARN_OBJC_ROOT_CLASS = YES_ERROR;
				CLANG_WARN_RANGE_LOOP_ANALYSIS = YES;
				CLANG_WARN_STRICT_PROTOTYPES = YES;
				CLANG_WARN_SUSPICIOUS_MOVE = YES;
				CLANG_WARN_UNGUARDED_AVAILABILITY = YES_AGGRESSIVE;
				CLANG_WARN_UNREACHABLE_CODE = YES;
				CLANG_WARN__DUPLICATE_METHOD_MATCH = YES;
				CODE_SIGN_IDENTITY = "Mac Developer";
				COPY_PHASE_STRIP = NO;
				DEBUG_INFORMATION_FORMAT = dwarf;
				ENABLE_STRICT_OBJC_MSGSEND = YES;
				ENABLE_TESTABILITY = YES;
				GCC_C_LANGUAGE_STANDARD = gnu11;
				GCC_DYNAMIC_NO_PIC = NO;
				GCC_NO_COMMON_BLOCKS = YES;
				GCC_OPTIMIZATION_LEVEL = 0;
				GCC_PREPROCESSOR_DEFINITIONS = (
					"DEBUG=1",
					"$(inherited)",
				);
				GCC_WARN_64_TO_32_BIT_CONVERSION = YES;
				GCC_WARN_ABOUT_RETURN_TYPE = YES_ERROR;
				GCC_WARN_UNDECLARED_SELECTOR = YES;
				GCC_WARN_UNINITIALIZED_AUTOS = YES_AGGRESSIVE;
				GCC_WARN_UNUSED_FUNCTION = YES;
				GCC_WARN_UNUSED_VARIABLE = YES;
				MACOSX_DEPLOYMENT_TARGET = 10.13;
				MTL_ENABLE_DEBUG_INFO = YES;
				ONLY_ACTIVE_ARCH = YES;
				SDKROOT = macosx;
			};
			name = Debug;
		};
		244BC7131FBF4B0E00C60AC5 /* Release */ = {
			isa = XCBuildConfiguration;
			buildSettings = {
				ALWAYS_SEARCH_USER_PATHS = NO;
				CLANG_ANALYZER_NONNULL = YES;
				CLANG_ANALYZER_NUMBER_OBJECT_CONVERSION = YES_AGGRESSIVE;
				CLANG_CXX_LANGUAGE_STANDARD = "gnu++14";
				CLANG_CXX_LIBRARY = "libc++";
				CLANG_ENABLE_MODULES = YES;
				CLANG_ENABLE_OBJC_ARC = YES;
				CLANG_WARN_BLOCK_CAPTURE_AUTORELEASING = YES;
				CLANG_WARN_BOOL_CONVERSION = YES;
				CLANG_WARN_COMMA = YES;
				CLANG_WARN_CONSTANT_CONVERSION = YES;
				CLANG_WARN_DIRECT_OBJC_ISA_USAGE = YES_ERROR;
				CLANG_WARN_DOCUMENTATION_COMMENTS = YES;
				CLANG_WARN_EMPTY_BODY = YES;
				CLANG_WARN_ENUM_CONVERSION = YES;
				CLANG_WARN_INFINITE_RECURSION = YES;
				CLANG_WARN_INT_CONVERSION = YES;
				CLANG_WARN_NON_LITERAL_NULL_CONVERSION = YES;
				CLANG_WARN_OBJC_LITERAL_CONVERSION = YES;
				CLANG_WARN_OBJC_ROOT_CLASS = YES_ERROR;
				CLANG_WARN_RANGE_LOOP_ANALYSIS = YES;
				CLANG_WARN_STRICT_PROTOTYPES = YES;
				CLANG_WARN_SUSPICIOUS_MOVE = YES;
				CLANG_WARN_UNGUARDED_AVAILABILITY = YES_AGGRESSIVE;
				CLANG_WARN_UNREACHABLE_CODE = YES;
				CLANG_WARN__DUPLICATE_METHOD_MATCH = YES;
				CODE_SIGN_IDENTITY = "Mac Developer";
				COPY_PHASE_STRIP = NO;
				DEBUG_INFORMATION_FORMAT = "dwarf-with-dsym";
				ENABLE_NS_ASSERTIONS = NO;
				ENABLE_STRICT_OBJC_MSGSEND = YES;
				GCC_C_LANGUAGE_STANDARD = gnu11;
				GCC_NO_COMMON_BLOCKS = YES;
				GCC_WARN_64_TO_32_BIT_CONVERSION = YES;
				GCC_WARN_ABOUT_RETURN_TYPE = YES_ERROR;
				GCC_WARN_UNDECLARED_SELECTOR = YES;
				GCC_WARN_UNINITIALIZED_AUTOS = YES_AGGRESSIVE;
				GCC_WARN_UNUSED_FUNCTION = YES;
				GCC_WARN_UNUSED_VARIABLE = YES;
				MACOSX_DEPLOYMENT_TARGET = 10.13;
				MTL_ENABLE_DEBUG_INFO = NO;
				SDKROOT = macosx;
			};
			name = Release;
		};
		244BC7151FBF4B0E00C60AC5 /* Debug */ = {
			isa = XCBuildConfiguration;
			buildSettings = {
				CODE_SIGN_STYLE = Automatic;
				DEVELOPMENT_TEAM = RM253QV824;
				DYLIB_COMPATIBILITY_VERSION = 1;
				DYLIB_CURRENT_VERSION = 1;
				EXECUTABLE_PREFIX = lib;
				PRODUCT_NAME = "$(TARGET_NAME)";
				SWIFT_VERSION = 4.0;
			};
			name = Debug;
		};
		244BC7161FBF4B0E00C60AC5 /* Release */ = {
			isa = XCBuildConfiguration;
			buildSettings = {
				CODE_SIGN_STYLE = Automatic;
				DEVELOPMENT_TEAM = RM253QV824;
				DYLIB_COMPATIBILITY_VERSION = 1;
				DYLIB_CURRENT_VERSION = 1;
				EXECUTABLE_PREFIX = lib;
				PRODUCT_NAME = "$(TARGET_NAME)";
				SWIFT_VERSION = 4.0;
			};
			name = Release;
		};
		2486DB241FCF564D009ABD81 /* Debug */ = {
			isa = XCBuildConfiguration;
			buildSettings = {
				CODE_SIGN_STYLE = Automatic;
				COMBINE_HIDPI_IMAGES = YES;
				DEVELOPMENT_TEAM = RM253QV824;
				INFOPLIST_FILE = Tests/Info.plist;
				LD_RUNPATH_SEARCH_PATHS = "$(inherited) @executable_path/../Frameworks @loader_path/../Frameworks";
				PRODUCT_BUNDLE_IDENTIFIER = mfulton.Tests;
				PRODUCT_NAME = "$(TARGET_NAME)";
				SWIFT_ACTIVE_COMPILATION_CONDITIONS = DEBUG;
				SWIFT_OPTIMIZATION_LEVEL = "-Onone";
				SWIFT_VERSION = 4.0;
			};
			name = Debug;
		};
		2486DB251FCF564D009ABD81 /* Release */ = {
			isa = XCBuildConfiguration;
			buildSettings = {
				CODE_SIGN_STYLE = Automatic;
				COMBINE_HIDPI_IMAGES = YES;
				DEVELOPMENT_TEAM = RM253QV824;
				INFOPLIST_FILE = Tests/Info.plist;
				LD_RUNPATH_SEARCH_PATHS = "$(inherited) @executable_path/../Frameworks @loader_path/../Frameworks";
				PRODUCT_BUNDLE_IDENTIFIER = mfulton.Tests;
				PRODUCT_NAME = "$(TARGET_NAME)";
				SWIFT_OPTIMIZATION_LEVEL = "-Owholemodule";
				SWIFT_VERSION = 4.0;
			};
			name = Release;
		};
		24D3CEE32060A8E9001929B5 /* Debug */ = {
			isa = XCBuildConfiguration;
			buildSettings = {
				CODE_SIGN_STYLE = Automatic;
				COMBINE_HIDPI_IMAGES = YES;
				DEVELOPMENT_TEAM = RM253QV824;
				INFOPLIST_FILE = "Unit Tests/Info.plist";
				LD_RUNPATH_SEARCH_PATHS = "$(inherited) @executable_path/../Frameworks @loader_path/../Frameworks";
				PRODUCT_BUNDLE_IDENTIFIER = "frenchfultonjr.Unit-Tests";
				PRODUCT_NAME = "$(TARGET_NAME)";
				SWIFT_ACTIVE_COMPILATION_CONDITIONS = DEBUG;
				SWIFT_OPTIMIZATION_LEVEL = "-Onone";
				SWIFT_VERSION = 4.0;
			};
			name = Debug;
		};
		24D3CEE42060A8E9001929B5 /* Release */ = {
			isa = XCBuildConfiguration;
			buildSettings = {
				CODE_SIGN_STYLE = Automatic;
				COMBINE_HIDPI_IMAGES = YES;
				DEVELOPMENT_TEAM = RM253QV824;
				INFOPLIST_FILE = "Unit Tests/Info.plist";
				LD_RUNPATH_SEARCH_PATHS = "$(inherited) @executable_path/../Frameworks @loader_path/../Frameworks";
				PRODUCT_BUNDLE_IDENTIFIER = "frenchfultonjr.Unit-Tests";
				PRODUCT_NAME = "$(TARGET_NAME)";
				SWIFT_OPTIMIZATION_LEVEL = "-Owholemodule";
				SWIFT_VERSION = 4.0;
			};
			name = Release;
		};
/* End XCBuildConfiguration section */

/* Begin XCConfigurationList section */
		244BC70B1FBF4B0E00C60AC5 /* Build configuration list for PBXProject "Swift Conceptual Library" */ = {
			isa = XCConfigurationList;
			buildConfigurations = (
				244BC7121FBF4B0E00C60AC5 /* Debug */,
				244BC7131FBF4B0E00C60AC5 /* Release */,
			);
			defaultConfigurationIsVisible = 0;
			defaultConfigurationName = Release;
		};
		244BC7141FBF4B0E00C60AC5 /* Build configuration list for PBXNativeTarget "Swift Conceptual Library" */ = {
			isa = XCConfigurationList;
			buildConfigurations = (
				244BC7151FBF4B0E00C60AC5 /* Debug */,
				244BC7161FBF4B0E00C60AC5 /* Release */,
			);
			defaultConfigurationIsVisible = 0;
			defaultConfigurationName = Release;
		};
		2486DB231FCF564D009ABD81 /* Build configuration list for PBXNativeTarget "Tests" */ = {
			isa = XCConfigurationList;
			buildConfigurations = (
				2486DB241FCF564D009ABD81 /* Debug */,
				2486DB251FCF564D009ABD81 /* Release */,
			);
			defaultConfigurationIsVisible = 0;
			defaultConfigurationName = Release;
		};
		24D3CEE22060A8E9001929B5 /* Build configuration list for PBXNativeTarget "Unit Tests" */ = {
			isa = XCConfigurationList;
			buildConfigurations = (
				24D3CEE32060A8E9001929B5 /* Debug */,
				24D3CEE42060A8E9001929B5 /* Release */,
			);
			defaultConfigurationIsVisible = 0;
			defaultConfigurationName = Release;
		};
/* End XCConfigurationList section */
	};
	rootObject = 244BC7081FBF4B0E00C60AC5 /* Project object */;
}
